
Microsoft Visual Studio Solution File, Format Version 12.00
# Visual Studio 15
VisualStudioVersion = 15.0.26430.14
MinimumVisualStudioVersion = 10.0.40219.1
Project("{FAE04EC0-301F-11D3-BF4B-00C04F79EFBC}") = "ShareRealmThroughQR.Android", "ShareRealmThroughQR\ShareRealmThroughQR.Android\ShareRealmThroughQR.Android.csproj", "{6B893D4D-4C51-4EDD-A877-A0C00A38E068}"
EndProject
Project("{FAE04EC0-301F-11D3-BF4B-00C04F79EFBC}") = "ShareRealmThroughQR", "ShareRealmThroughQR\ShareRealmThroughQR\ShareRealmThroughQR.csproj", "{82662BAE-48D6-4610-966D-B05D8D1921CC}"
EndProject
Project("{FAE04EC0-301F-11D3-BF4B-00C04F79EFBC}") = "ShareRealmThroughQR.UWP", "ShareRealmThroughQR\ShareRealmThroughQR.UWP\ShareRealmThroughQR.UWP.csproj", "{8BF50781-0D87-4BAF-9211-D13A5426EA67}"
EndProject
Project("{FAE04EC0-301F-11D3-BF4B-00C04F79EFBC}") = "ShareRealmThroughQR.iOS", "ShareRealmThroughQR\ShareRealmThroughQR.iOS\ShareRealmThroughQR.iOS.csproj", "{F725F380-A3C6-4E6B-9DDF-755C26069616}"
EndProject
Global
	GlobalSection(SolutionConfigurationPlatforms) = preSolution
		Ad-Hoc|Any CPU = Ad-Hoc|Any CPU
		Ad-Hoc|ARM = Ad-Hoc|ARM
		Ad-Hoc|iPhone = Ad-Hoc|iPhone
		Ad-Hoc|iPhoneSimulator = Ad-Hoc|iPhoneSimulator
		Ad-Hoc|x64 = Ad-Hoc|x64
		Ad-Hoc|x86 = Ad-Hoc|x86
		AppStore|Any CPU = AppStore|Any CPU
		AppStore|ARM = AppStore|ARM
		AppStore|iPhone = AppStore|iPhone
		AppStore|iPhoneSimulator = AppStore|iPhoneSimulator
		AppStore|x64 = AppStore|x64
		AppStore|x86 = AppStore|x86
		Debug|Any CPU = Debug|Any CPU
		Debug|ARM = Debug|ARM
		Debug|iPhone = Debug|iPhone
		Debug|iPhoneSimulator = Debug|iPhoneSimulator
		Debug|x64 = Debug|x64
		Debug|x86 = Debug|x86
		Release|Any CPU = Release|Any CPU
		Release|ARM = Release|ARM
		Release|iPhone = Release|iPhone
		Release|iPhoneSimulator = Release|iPhoneSimulator
		Release|x64 = Release|x64
		Release|x86 = Release|x86
	EndGlobalSection
	GlobalSection(ProjectConfigurationPlatforms) = postSolution
		{6B893D4D-4C51-4EDD-A877-A0C00A38E068}.Ad-Hoc|Any CPU.ActiveCfg = Release|Any CPU
		{6B893D4D-4C51-4EDD-A877-A0C00A38E068}.Ad-Hoc|Any CPU.Build.0 = Release|Any CPU
		{6B893D4D-4C51-4EDD-A877-A0C00A38E068}.Ad-Hoc|Any CPU.Deploy.0 = Release|Any CPU
		{6B893D4D-4C51-4EDD-A877-A0C00A38E068}.Ad-Hoc|ARM.ActiveCfg = Release|Any CPU
		{6B893D4D-4C51-4EDD-A877-A0C00A38E068}.Ad-Hoc|ARM.Build.0 = Release|Any CPU
		{6B893D4D-4C51-4EDD-A877-A0C00A38E068}.Ad-Hoc|ARM.Deploy.0 = Release|Any CPU
		{6B893D4D-4C51-4EDD-A877-A0C00A38E068}.Ad-Hoc|iPhone.ActiveCfg = Release|Any CPU
		{6B893D4D-4C51-4EDD-A877-A0C00A38E068}.Ad-Hoc|iPhone.Build.0 = Release|Any CPU
		{6B893D4D-4C51-4EDD-A877-A0C00A38E068}.Ad-Hoc|iPhone.Deploy.0 = Release|Any CPU
		{6B893D4D-4C51-4EDD-A877-A0C00A38E068}.Ad-Hoc|iPhoneSimulator.ActiveCfg = Release|Any CPU
		{6B893D4D-4C51-4EDD-A877-A0C00A38E068}.Ad-Hoc|iPhoneSimulator.Build.0 = Release|Any CPU
		{6B893D4D-4C51-4EDD-A877-A0C00A38E068}.Ad-Hoc|iPhoneSimulator.Deploy.0 = Release|Any CPU
		{6B893D4D-4C51-4EDD-A877-A0C00A38E068}.Ad-Hoc|x64.ActiveCfg = Release|Any CPU
		{6B893D4D-4C51-4EDD-A877-A0C00A38E068}.Ad-Hoc|x64.Build.0 = Release|Any CPU
		{6B893D4D-4C51-4EDD-A877-A0C00A38E068}.Ad-Hoc|x64.Deploy.0 = Release|Any CPU
		{6B893D4D-4C51-4EDD-A877-A0C00A38E068}.Ad-Hoc|x86.ActiveCfg = Release|Any CPU
		{6B893D4D-4C51-4EDD-A877-A0C00A38E068}.Ad-Hoc|x86.Build.0 = Release|Any CPU
		{6B893D4D-4C51-4EDD-A877-A0C00A38E068}.Ad-Hoc|x86.Deploy.0 = Release|Any CPU
		{6B893D4D-4C51-4EDD-A877-A0C00A38E068}.AppStore|Any CPU.ActiveCfg = Release|Any CPU
		{6B893D4D-4C51-4EDD-A877-A0C00A38E068}.AppStore|Any CPU.Build.0 = Release|Any CPU
		{6B893D4D-4C51-4EDD-A877-A0C00A38E068}.AppStore|Any CPU.Deploy.0 = Release|Any CPU
		{6B893D4D-4C51-4EDD-A877-A0C00A38E068}.AppStore|ARM.ActiveCfg = Release|Any CPU
		{6B893D4D-4C51-4EDD-A877-A0C00A38E068}.AppStore|ARM.Build.0 = Release|Any CPU
		{6B893D4D-4C51-4EDD-A877-A0C00A38E068}.AppStore|ARM.Deploy.0 = Release|Any CPU
		{6B893D4D-4C51-4EDD-A877-A0C00A38E068}.AppStore|iPhone.ActiveCfg = Release|Any CPU
		{6B893D4D-4C51-4EDD-A877-A0C00A38E068}.AppStore|iPhone.Build.0 = Release|Any CPU
		{6B893D4D-4C51-4EDD-A877-A0C00A38E068}.AppStore|iPhone.Deploy.0 = Release|Any CPU
		{6B893D4D-4C51-4EDD-A877-A0C00A38E068}.AppStore|iPhoneSimulator.ActiveCfg = Release|Any CPU
		{6B893D4D-4C51-4EDD-A877-A0C00A38E068}.AppStore|iPhoneSimulator.Build.0 = Release|Any CPU
		{6B893D4D-4C51-4EDD-A877-A0C00A38E068}.AppStore|iPhoneSimulator.Deploy.0 = Release|Any CPU
		{6B893D4D-4C51-4EDD-A877-A0C00A38E068}.AppStore|x64.ActiveCfg = Release|Any CPU
		{6B893D4D-4C51-4EDD-A877-A0C00A38E068}.AppStore|x64.Build.0 = Release|Any CPU
		{6B893D4D-4C51-4EDD-A877-A0C00A38E068}.AppStore|x64.Deploy.0 = Release|Any CPU
		{6B893D4D-4C51-4EDD-A877-A0C00A38E068}.AppStore|x86.ActiveCfg = Release|Any CPU
		{6B893D4D-4C51-4EDD-A877-A0C00A38E068}.AppStore|x86.Build.0 = Release|Any CPU
		{6B893D4D-4C51-4EDD-A877-A0C00A38E068}.AppStore|x86.Deploy.0 = Release|Any CPU
		{6B893D4D-4C51-4EDD-A877-A0C00A38E068}.Debug|Any CPU.ActiveCfg = Debug|Any CPU
		{6B893D4D-4C51-4EDD-A877-A0C00A38E068}.Debug|Any CPU.Build.0 = Debug|Any CPU
		{6B893D4D-4C51-4EDD-A877-A0C00A38E068}.Debug|Any CPU.Deploy.0 = Debug|Any CPU
		{6B893D4D-4C51-4EDD-A877-A0C00A38E068}.Debug|ARM.ActiveCfg = Debug|Any CPU
		{6B893D4D-4C51-4EDD-A877-A0C00A38E068}.Debug|ARM.Build.0 = Debug|Any CPU
		{6B893D4D-4C51-4EDD-A877-A0C00A38E068}.Debug|ARM.Deploy.0 = Debug|Any CPU
		{6B893D4D-4C51-4EDD-A877-A0C00A38E068}.Debug|iPhone.ActiveCfg = Debug|Any CPU
		{6B893D4D-4C51-4EDD-A877-A0C00A38E068}.Debug|iPhone.Build.0 = Debug|Any CPU
		{6B893D4D-4C51-4EDD-A877-A0C00A38E068}.Debug|iPhone.Deploy.0 = Debug|Any CPU
		{6B893D4D-4C51-4EDD-A877-A0C00A38E068}.Debug|iPhoneSimulator.ActiveCfg = Debug|Any CPU
		{6B893D4D-4C51-4EDD-A877-A0C00A38E068}.Debug|iPhoneSimulator.Build.0 = Debug|Any CPU
		{6B893D4D-4C51-4EDD-A877-A0C00A38E068}.Debug|iPhoneSimulator.Deploy.0 = Debug|Any CPU
		{6B893D4D-4C51-4EDD-A877-A0C00A38E068}.Debug|x64.ActiveCfg = Debug|Any CPU
		{6B893D4D-4C51-4EDD-A877-A0C00A38E068}.Debug|x64.Build.0 = Debug|Any CPU
		{6B893D4D-4C51-4EDD-A877-A0C00A38E068}.Debug|x64.Deploy.0 = Debug|Any CPU
		{6B893D4D-4C51-4EDD-A877-A0C00A38E068}.Debug|x86.ActiveCfg = Debug|Any CPU
		{6B893D4D-4C51-4EDD-A877-A0C00A38E068}.Debug|x86.Build.0 = Debug|Any CPU
		{6B893D4D-4C51-4EDD-A877-A0C00A38E068}.Debug|x86.Deploy.0 = Debug|Any CPU
		{6B893D4D-4C51-4EDD-A877-A0C00A38E068}.Release|Any CPU.ActiveCfg = Release|Any CPU
		{6B893D4D-4C51-4EDD-A877-A0C00A38E068}.Release|Any CPU.Build.0 = Release|Any CPU
		{6B893D4D-4C51-4EDD-A877-A0C00A38E068}.Release|Any CPU.Deploy.0 = Release|Any CPU
		{6B893D4D-4C51-4EDD-A877-A0C00A38E068}.Release|ARM.ActiveCfg = Release|Any CPU
		{6B893D4D-4C51-4EDD-A877-A0C00A38E068}.Release|ARM.Build.0 = Release|Any CPU
		{6B893D4D-4C51-4EDD-A877-A0C00A38E068}.Release|ARM.Deploy.0 = Release|Any CPU
		{6B893D4D-4C51-4EDD-A877-A0C00A38E068}.Release|iPhone.ActiveCfg = Release|Any CPU
		{6B893D4D-4C51-4EDD-A877-A0C00A38E068}.Release|iPhone.Build.0 = Release|Any CPU
		{6B893D4D-4C51-4EDD-A877-A0C00A38E068}.Release|iPhone.Deploy.0 = Release|Any CPU
		{6B893D4D-4C51-4EDD-A877-A0C00A38E068}.Release|iPhoneSimulator.ActiveCfg = Release|Any CPU
		{6B893D4D-4C51-4EDD-A877-A0C00A38E068}.Release|iPhoneSimulator.Build.0 = Release|Any CPU
		{6B893D4D-4C51-4EDD-A877-A0C00A38E068}.Release|iPhoneSimulator.Deploy.0 = Release|Any CPU
		{6B893D4D-4C51-4EDD-A877-A0C00A38E068}.Release|x64.ActiveCfg = Release|Any CPU
		{6B893D4D-4C51-4EDD-A877-A0C00A38E068}.Release|x64.Build.0 = Release|Any CPU
		{6B893D4D-4C51-4EDD-A877-A0C00A38E068}.Release|x64.Deploy.0 = Release|Any CPU
		{6B893D4D-4C51-4EDD-A877-A0C00A38E068}.Release|x86.ActiveCfg = Release|Any CPU
		{6B893D4D-4C51-4EDD-A877-A0C00A38E068}.Release|x86.Build.0 = Release|Any CPU
		{6B893D4D-4C51-4EDD-A877-A0C00A38E068}.Release|x86.Deploy.0 = Release|Any CPU
		{82662BAE-48D6-4610-966D-B05D8D1921CC}.Ad-Hoc|Any CPU.ActiveCfg = Release|Any CPU
		{82662BAE-48D6-4610-966D-B05D8D1921CC}.Ad-Hoc|Any CPU.Build.0 = Release|Any CPU
		{82662BAE-48D6-4610-966D-B05D8D1921CC}.Ad-Hoc|ARM.ActiveCfg = Release|Any CPU
		{82662BAE-48D6-4610-966D-B05D8D1921CC}.Ad-Hoc|ARM.Build.0 = Release|Any CPU
		{82662BAE-48D6-4610-966D-B05D8D1921CC}.Ad-Hoc|iPhone.ActiveCfg = Release|Any CPU
		{82662BAE-48D6-4610-966D-B05D8D1921CC}.Ad-Hoc|iPhone.Build.0 = Release|Any CPU
		{82662BAE-48D6-4610-966D-B05D8D1921CC}.Ad-Hoc|iPhoneSimulator.ActiveCfg = Release|Any CPU
		{82662BAE-48D6-4610-966D-B05D8D1921CC}.Ad-Hoc|iPhoneSimulator.Build.0 = Release|Any CPU
		{82662BAE-48D6-4610-966D-B05D8D1921CC}.Ad-Hoc|x64.ActiveCfg = Release|Any CPU
		{82662BAE-48D6-4610-966D-B05D8D1921CC}.Ad-Hoc|x64.Build.0 = Release|Any CPU
		{82662BAE-48D6-4610-966D-B05D8D1921CC}.Ad-Hoc|x86.ActiveCfg = Release|Any CPU
		{82662BAE-48D6-4610-966D-B05D8D1921CC}.Ad-Hoc|x86.Build.0 = Release|Any CPU
		{82662BAE-48D6-4610-966D-B05D8D1921CC}.AppStore|Any CPU.ActiveCfg = Release|Any CPU
		{82662BAE-48D6-4610-966D-B05D8D1921CC}.AppStore|Any CPU.Build.0 = Release|Any CPU
		{82662BAE-48D6-4610-966D-B05D8D1921CC}.AppStore|ARM.ActiveCfg = Release|Any CPU
		{82662BAE-48D6-4610-966D-B05D8D1921CC}.AppStore|ARM.Build.0 = Release|Any CPU
		{82662BAE-48D6-4610-966D-B05D8D1921CC}.AppStore|iPhone.ActiveCfg = Release|Any CPU
		{82662BAE-48D6-4610-966D-B05D8D1921CC}.AppStore|iPhone.Build.0 = Release|Any CPU
		{82662BAE-48D6-4610-966D-B05D8D1921CC}.AppStore|iPhoneSimulator.ActiveCfg = Release|Any CPU
		{82662BAE-48D6-4610-966D-B05D8D1921CC}.AppStore|iPhoneSimulator.Build.0 = Release|Any CPU
		{82662BAE-48D6-4610-966D-B05D8D1921CC}.AppStore|x64.ActiveCfg = Release|Any CPU
		{82662BAE-48D6-4610-966D-B05D8D1921CC}.AppStore|x64.Build.0 = Release|Any CPU
		{82662BAE-48D6-4610-966D-B05D8D1921CC}.AppStore|x86.ActiveCfg = Release|Any CPU
		{82662BAE-48D6-4610-966D-B05D8D1921CC}.AppStore|x86.Build.0 = Release|Any CPU
		{82662BAE-48D6-4610-966D-B05D8D1921CC}.Debug|Any CPU.ActiveCfg = Debug|Any CPU
		{82662BAE-48D6-4610-966D-B05D8D1921CC}.Debug|Any CPU.Build.0 = Debug|Any CPU
		{82662BAE-48D6-4610-966D-B05D8D1921CC}.Debug|ARM.ActiveCfg = Debug|Any CPU
		{82662BAE-48D6-4610-966D-B05D8D1921CC}.Debug|ARM.Build.0 = Debug|Any CPU
		{82662BAE-48D6-4610-966D-B05D8D1921CC}.Debug|iPhone.ActiveCfg = Debug|Any CPU
		{82662BAE-48D6-4610-966D-B05D8D1921CC}.Debug|iPhone.Build.0 = Debug|Any CPU
		{82662BAE-48D6-4610-966D-B05D8D1921CC}.Debug|iPhoneSimulator.ActiveCfg = Debug|Any CPU
		{82662BAE-48D6-4610-966D-B05D8D1921CC}.Debug|iPhoneSimulator.Build.0 = Debug|Any CPU
		{82662BAE-48D6-4610-966D-B05D8D1921CC}.Debug|x64.ActiveCfg = Debug|Any CPU
		{82662BAE-48D6-4610-966D-B05D8D1921CC}.Debug|x64.Build.0 = Debug|Any CPU
		{82662BAE-48D6-4610-966D-B05D8D1921CC}.Debug|x86.ActiveCfg = Debug|Any CPU
		{82662BAE-48D6-4610-966D-B05D8D1921CC}.Debug|x86.Build.0 = Debug|Any CPU
		{82662BAE-48D6-4610-966D-B05D8D1921CC}.Release|Any CPU.ActiveCfg = Release|Any CPU
		{82662BAE-48D6-4610-966D-B05D8D1921CC}.Release|Any CPU.Build.0 = Release|Any CPU
		{82662BAE-48D6-4610-966D-B05D8D1921CC}.Release|ARM.ActiveCfg = Release|Any CPU
		{82662BAE-48D6-4610-966D-B05D8D1921CC}.Release|ARM.Build.0 = Release|Any CPU
		{82662BAE-48D6-4610-966D-B05D8D1921CC}.Release|iPhone.ActiveCfg = Release|Any CPU
		{82662BAE-48D6-4610-966D-B05D8D1921CC}.Release|iPhone.Build.0 = Release|Any CPU
		{82662BAE-48D6-4610-966D-B05D8D1921CC}.Release|iPhoneSimulator.ActiveCfg = Release|Any CPU
		{82662BAE-48D6-4610-966D-B05D8D1921CC}.Release|iPhoneSimulator.Build.0 = Release|Any CPU
		{82662BAE-48D6-4610-966D-B05D8D1921CC}.Release|x64.ActiveCfg = Release|Any CPU
		{82662BAE-48D6-4610-966D-B05D8D1921CC}.Release|x64.Build.0 = Release|Any CPU
		{82662BAE-48D6-4610-966D-B05D8D1921CC}.Release|x86.ActiveCfg = Release|Any CPU
		{82662BAE-48D6-4610-966D-B05D8D1921CC}.Release|x86.Build.0 = Release|Any CPU
		{8BF50781-0D87-4BAF-9211-D13A5426EA67}.Ad-Hoc|Any CPU.ActiveCfg = Release|x86
		{8BF50781-0D87-4BAF-9211-D13A5426EA67}.Ad-Hoc|Any CPU.Build.0 = Release|x86
		{8BF50781-0D87-4BAF-9211-D13A5426EA67}.Ad-Hoc|Any CPU.Deploy.0 = Release|x86
		{8BF50781-0D87-4BAF-9211-D13A5426EA67}.Ad-Hoc|ARM.ActiveCfg = Release|ARM
		{8BF50781-0D87-4BAF-9211-D13A5426EA67}.Ad-Hoc|ARM.Build.0 = Release|ARM
		{8BF50781-0D87-4BAF-9211-D13A5426EA67}.Ad-Hoc|ARM.Deploy.0 = Release|ARM
		{8BF50781-0D87-4BAF-9211-D13A5426EA67}.Ad-Hoc|iPhone.ActiveCfg = Release|x86
		{8BF50781-0D87-4BAF-9211-D13A5426EA67}.Ad-Hoc|iPhone.Build.0 = Release|x86
		{8BF50781-0D87-4BAF-9211-D13A5426EA67}.Ad-Hoc|iPhone.Deploy.0 = Release|x86
		{8BF50781-0D87-4BAF-9211-D13A5426EA67}.Ad-Hoc|iPhoneSimulator.ActiveCfg = Release|x86
		{8BF50781-0D87-4BAF-9211-D13A5426EA67}.Ad-Hoc|iPhoneSimulator.Build.0 = Release|x86
		{8BF50781-0D87-4BAF-9211-D13A5426EA67}.Ad-Hoc|iPhoneSimulator.Deploy.0 = Release|x86
		{8BF50781-0D87-4BAF-9211-D13A5426EA67}.Ad-Hoc|x64.ActiveCfg = Release|x64
		{8BF50781-0D87-4BAF-9211-D13A5426EA67}.Ad-Hoc|x64.Build.0 = Release|x64
		{8BF50781-0D87-4BAF-9211-D13A5426EA67}.Ad-Hoc|x64.Deploy.0 = Release|x64
		{8BF50781-0D87-4BAF-9211-D13A5426EA67}.Ad-Hoc|x86.ActiveCfg = Release|x86
		{8BF50781-0D87-4BAF-9211-D13A5426EA67}.Ad-Hoc|x86.Build.0 = Release|x86
		{8BF50781-0D87-4BAF-9211-D13A5426EA67}.Ad-Hoc|x86.Deploy.0 = Release|x86
		{8BF50781-0D87-4BAF-9211-D13A5426EA67}.AppStore|Any CPU.ActiveCfg = Release|x86
		{8BF50781-0D87-4BAF-9211-D13A5426EA67}.AppStore|Any CPU.Build.0 = Release|x86
		{8BF50781-0D87-4BAF-9211-D13A5426EA67}.AppStore|Any CPU.Deploy.0 = Release|x86
		{8BF50781-0D87-4BAF-9211-D13A5426EA67}.AppStore|ARM.ActiveCfg = Release|ARM
		{8BF50781-0D87-4BAF-9211-D13A5426EA67}.AppStore|ARM.Build.0 = Release|ARM
		{8BF50781-0D87-4BAF-9211-D13A5426EA67}.AppStore|ARM.Deploy.0 = Release|ARM
		{8BF50781-0D87-4BAF-9211-D13A5426EA67}.AppStore|iPhone.ActiveCfg = Release|x86
		{8BF50781-0D87-4BAF-9211-D13A5426EA67}.AppStore|iPhone.Build.0 = Release|x86
		{8BF50781-0D87-4BAF-9211-D13A5426EA67}.AppStore|iPhone.Deploy.0 = Release|x86
		{8BF50781-0D87-4BAF-9211-D13A5426EA67}.AppStore|iPhoneSimulator.ActiveCfg = Release|x86
		{8BF50781-0D87-4BAF-9211-D13A5426EA67}.AppStore|iPhoneSimulator.Build.0 = Release|x86
		{8BF50781-0D87-4BAF-9211-D13A5426EA67}.AppStore|iPhoneSimulator.Deploy.0 = Release|x86
		{8BF50781-0D87-4BAF-9211-D13A5426EA67}.AppStore|x64.ActiveCfg = Release|x64
		{8BF50781-0D87-4BAF-9211-D13A5426EA67}.AppStore|x64.Build.0 = Release|x64
		{8BF50781-0D87-4BAF-9211-D13A5426EA67}.AppStore|x64.Deploy.0 = Release|x64
		{8BF50781-0D87-4BAF-9211-D13A5426EA67}.AppStore|x86.ActiveCfg = Release|x86
		{8BF50781-0D87-4BAF-9211-D13A5426EA67}.AppStore|x86.Build.0 = Release|x86
		{8BF50781-0D87-4BAF-9211-D13A5426EA67}.AppStore|x86.Deploy.0 = Release|x86
		{8BF50781-0D87-4BAF-9211-D13A5426EA67}.Debug|Any CPU.ActiveCfg = Debug|x86
		{8BF50781-0D87-4BAF-9211-D13A5426EA67}.Debug|ARM.ActiveCfg = Debug|ARM
		{8BF50781-0D87-4BAF-9211-D13A5426EA67}.Debug|ARM.Build.0 = Debug|ARM
		{8BF50781-0D87-4BAF-9211-D13A5426EA67}.Debug|ARM.Deploy.0 = Debug|ARM
		{8BF50781-0D87-4BAF-9211-D13A5426EA67}.Debug|iPhone.ActiveCfg = Debug|x86
		{8BF50781-0D87-4BAF-9211-D13A5426EA67}.Debug|iPhoneSimulator.ActiveCfg = Debug|x86
		{8BF50781-0D87-4BAF-9211-D13A5426EA67}.Debug|x64.ActiveCfg = Debug|x64
		{8BF50781-0D87-4BAF-9211-D13A5426EA67}.Debug|x64.Build.0 = Debug|x64
		{8BF50781-0D87-4BAF-9211-D13A5426EA67}.Debug|x64.Deploy.0 = Debug|x64
		{8BF50781-0D87-4BAF-9211-D13A5426EA67}.Debug|x86.ActiveCfg = Debug|x86
		{8BF50781-0D87-4BAF-9211-D13A5426EA67}.Debug|x86.Build.0 = Debug|x86
		{8BF50781-0D87-4BAF-9211-D13A5426EA67}.Debug|x86.Deploy.0 = Debug|x86
		{8BF50781-0D87-4BAF-9211-D13A5426EA67}.Release|Any CPU.ActiveCfg = Release|x86
		{8BF50781-0D87-4BAF-9211-D13A5426EA67}.Release|ARM.ActiveCfg = Release|ARM
		{8BF50781-0D87-4BAF-9211-D13A5426EA67}.Release|ARM.Build.0 = Release|ARM
		{8BF50781-0D87-4BAF-9211-D13A5426EA67}.Release|ARM.Deploy.0 = Release|ARM
		{8BF50781-0D87-4BAF-9211-D13A5426EA67}.Release|iPhone.ActiveCfg = Release|x86
		{8BF50781-0D87-4BAF-9211-D13A5426EA67}.Release|iPhoneSimulator.ActiveCfg = Release|x86
		{8BF50781-0D87-4BAF-9211-D13A5426EA67}.Release|x64.ActiveCfg = Release|x64
		{8BF50781-0D87-4BAF-9211-D13A5426EA67}.Release|x64.Build.0 = Release|x64
		{8BF50781-0D87-4BAF-9211-D13A5426EA67}.Release|x64.Deploy.0 = Release|x64
		{8BF50781-0D87-4BAF-9211-D13A5426EA67}.Release|x86.ActiveCfg = Release|x86
		{8BF50781-0D87-4BAF-9211-D13A5426EA67}.Release|x86.Build.0 = Release|x86
		{8BF50781-0D87-4BAF-9211-D13A5426EA67}.Release|x86.Deploy.0 = Release|x86
		{F725F380-A3C6-4E6B-9DDF-755C26069616}.Ad-Hoc|Any CPU.ActiveCfg = Ad-Hoc|iPhone
		{F725F380-A3C6-4E6B-9DDF-755C26069616}.Ad-Hoc|ARM.ActiveCfg = Ad-Hoc|iPhone
		{F725F380-A3C6-4E6B-9DDF-755C26069616}.Ad-Hoc|iPhone.ActiveCfg = Ad-Hoc|iPhone
		{F725F380-A3C6-4E6B-9DDF-755C26069616}.Ad-Hoc|iPhone.Build.0 = Ad-Hoc|iPhone
		{F725F380-A3C6-4E6B-9DDF-755C26069616}.Ad-Hoc|iPhoneSimulator.ActiveCfg = Ad-Hoc|iPhoneSimulator
		{F725F380-A3C6-4E6B-9DDF-755C26069616}.Ad-Hoc|iPhoneSimulator.Build.0 = Ad-Hoc|iPhoneSimulator
		{F725F380-A3C6-4E6B-9DDF-755C26069616}.Ad-Hoc|x64.ActiveCfg = Ad-Hoc|iPhone
		{F725F380-A3C6-4E6B-9DDF-755C26069616}.Ad-Hoc|x86.ActiveCfg = Ad-Hoc|iPhone
		{F725F380-A3C6-4E6B-9DDF-755C26069616}.AppStore|Any CPU.ActiveCfg = AppStore|iPhone
		{F725F380-A3C6-4E6B-9DDF-755C26069616}.AppStore|ARM.ActiveCfg = AppStore|iPhone
		{F725F380-A3C6-4E6B-9DDF-755C26069616}.AppStore|iPhone.ActiveCfg = AppStore|iPhone
		{F725F380-A3C6-4E6B-9DDF-755C26069616}.AppStore|iPhone.Build.0 = AppStore|iPhone
		{F725F380-A3C6-4E6B-9DDF-755C26069616}.AppStore|iPhoneSimulator.ActiveCfg = AppStore|iPhoneSimulator
		{F725F380-A3C6-4E6B-9DDF-755C26069616}.AppStore|iPhoneSimulator.Build.0 = AppStore|iPhoneSimulator
		{F725F380-A3C6-4E6B-9DDF-755C26069616}.AppStore|x64.ActiveCfg = AppStore|iPhone
		{F725F380-A3C6-4E6B-9DDF-755C26069616}.AppStore|x86.ActiveCfg = AppStore|iPhone
		{F725F380-A3C6-4E6B-9DDF-755C26069616}.Debug|Any CPU.ActiveCfg = Debug|iPhone
		{F725F380-A3C6-4E6B-9DDF-755C26069616}.Debug|ARM.ActiveCfg = Debug|iPhone
		{F725F380-A3C6-4E6B-9DDF-755C26069616}.Debug|iPhone.ActiveCfg = Debug|iPhone
		{F725F380-A3C6-4E6B-9DDF-755C26069616}.Debug|iPhone.Build.0 = Debug|iPhone
		{F725F380-A3C6-4E6B-9DDF-755C26069616}.Debug|iPhoneSimulator.ActiveCfg = Debug|iPhoneSimulator
		{F725F380-A3C6-4E6B-9DDF-755C26069616}.Debug|iPhoneSimulator.Build.0 = Debug|iPhoneSimulator
		{F725F380-A3C6-4E6B-9DDF-755C26069616}.Debug|x64.ActiveCfg = Debug|iPhone
		{F725F380-A3C6-4E6B-9DDF-755C26069616}.Debug|x86.ActiveCfg = Debug|iPhone
		{F725F380-A3C6-4E6B-9DDF-755C26069616}.Release|Any CPU.ActiveCfg = Release|iPhone
		{F725F380-A3C6-4E6B-9DDF-755C26069616}.Release|ARM.ActiveCfg = Release|iPhone
		{F725F380-A3C6-4E6B-9DDF-755C26069616}.Release|iPhone.ActiveCfg = Release|iPhone
		{F725F380-A3C6-4E6B-9DDF-755C26069616}.Release|iPhone.Build.0 = Release|iPhone
		{F725F380-A3C6-4E6B-9DDF-755C26069616}.Release|iPhoneSimulator.ActiveCfg = Release|iPhoneSimulator
		{F725F380-A3C6-4E6B-9DDF-755C26069616}.Release|iPhoneSimulator.Build.0 = Release|iPhoneSimulator
		{F725F380-A3C6-4E6B-9DDF-755C26069616}.Release|x64.ActiveCfg = Release|iPhone
		{F725F380-A3C6-4E6B-9DDF-755C26069616}.Release|x86.ActiveCfg = Release|iPhone
	EndGlobalSection
	GlobalSection(SolutionProperties) = preSolution
		HideSolutionNode = FALSE
	EndGlobalSection
EndGlobal
